
Microsoft Visual Studio Solution File, Format Version 12.00
# Visual Studio Version 16
VisualStudioVersion = 16.0.31025.218
MinimumVisualStudioVersion = 10.0.40219.1
Project("{FAE04EC0-301F-11D3-BF4B-00C04F79EFBC}") = "DrawBehindDesktopIcons", "DrawBehindDesktopIcons.csproj", "{5E9C71F2-8712-4414-80AB-AF415BE31700}"
EndProject
Global
	GlobalSection(SolutionConfigurationPlatforms) = preSolution
		Debug|Any CPU = Debug|Any CPU
		Release|Any CPU = Release|Any CPU
	EndGlobalSection
	GlobalSection(ProjectConfigurationPlatforms) = postSolution
		{5E9C71F2-8712-4414-80AB-AF415BE31700}.Debug|Any CPU.ActiveCfg = Debug|Any CPU
		{5E9C71F2-8712-4414-80AB-AF415BE31700}.Debug|Any CPU.Build.0 = Debug|Any CPU
		{5E9C71F2-8712-4414-80AB-AF415BE31700}.Release|Any CPU.ActiveCfg = Release|Any CPU
		{5E9C71F2-8712-4414-80AB-AF415BE31700}.Release|Any CPU.Build.0 = Release|Any CPU
	EndGlobalSection
	GlobalSection(SolutionProperties) = preSolution
		HideSolutionNode = FALSE
	EndGlobalSection
	GlobalSection(ExtensibilityGlobals) = postSolution
		SolutionGuid = {E76739FE-9B4D-4AB4-80D7-92A16716020D}
	EndGlobalSection
EndGlobal
